
Microsoft Visual Studio Solution File, Format Version 12.00
# Visual Studio Version 16
VisualStudioVersion = 16.0.31624.102
MinimumVisualStudioVersion = 10.0.40219.1
Project("{FAE04EC0-301F-11D3-BF4B-00C04F79EFBC}") = "MouseImitation", "MouseImitation\MouseImitation.csproj", "{F608216B-B354-4A5F-9C19-A9AB040D45ED}"
EndProject
Global
	GlobalSection(SolutionConfigurationPlatforms) = preSolution
		Debug|Any CPU = Debug|Any CPU
		Release|Any CPU = Release|Any CPU
	EndGlobalSection
	GlobalSection(ProjectConfigurationPlatforms) = postSolution
		{F608216B-B354-4A5F-9C19-A9AB040D45ED}.Debug|Any CPU.ActiveCfg = Debug|Any CPU
		{F608216B-B354-4A5F-9C19-A9AB040D45ED}.Debug|Any CPU.Build.0 = Debug|Any CPU
		{F608216B-B354-4A5F-9C19-A9AB040D45ED}.Release|Any CPU.ActiveCfg = Release|Any CPU
		{F608216B-B354-4A5F-9C19-A9AB040D45ED}.Release|Any CPU.Build.0 = Release|Any CPU
	EndGlobalSection
	GlobalSection(SolutionProperties) = preSolution
		HideSolutionNode = FALSE
	EndGlobalSection
	GlobalSection(ExtensibilityGlobals) = postSolution
		SolutionGuid = {9DC283BD-0DF1-4999-B0B8-7FA4DE4B88EA}
	EndGlobalSection
EndGlobal
