
Microsoft Visual Studio Solution File, Format Version 12.00
# Visual Studio Version 16
VisualStudioVersion = 16.0.31624.102
MinimumVisualStudioVersion = 10.0.40219.1
Project("{FAE04EC0-301F-11D3-BF4B-00C04F79EFBC}") = "ConsoleApp2", "ConsoleApp2\ConsoleApp2.csproj", "{77B5239E-8765-4136-8E3B-37447232424F}"
EndProject
Global
	GlobalSection(SolutionConfigurationPlatforms) = preSolution
		Debug|Any CPU = Debug|Any CPU
		Release|Any CPU = Release|Any CPU
	EndGlobalSection
	GlobalSection(ProjectConfigurationPlatforms) = postSolution
		{77B5239E-8765-4136-8E3B-37447232424F}.Debug|Any CPU.ActiveCfg = Debug|Any CPU
		{77B5239E-8765-4136-8E3B-37447232424F}.Debug|Any CPU.Build.0 = Debug|Any CPU
		{77B5239E-8765-4136-8E3B-37447232424F}.Release|Any CPU.ActiveCfg = Release|Any CPU
		{77B5239E-8765-4136-8E3B-37447232424F}.Release|Any CPU.Build.0 = Release|Any CPU
	EndGlobalSection
	GlobalSection(SolutionProperties) = preSolution
		HideSolutionNode = FALSE
	EndGlobalSection
	GlobalSection(ExtensibilityGlobals) = postSolution
		SolutionGuid = {A769709B-6825-47A7-99CD-8CF7548AC3AF}
	EndGlobalSection
EndGlobal
