
Microsoft Visual Studio Solution File, Format Version 12.00
# Visual Studio Version 16
VisualStudioVersion = 16.0.30717.126
MinimumVisualStudioVersion = 10.0.40219.1
Project("{FAE04EC0-301F-11D3-BF4B-00C04F79EFBC}") = "Starfinder", "Starfinder\Starfinder.csproj", "{3BDB4AE3-32BE-4A48-936D-7947FDD8A58C}"
EndProject
Global
	GlobalSection(SolutionConfigurationPlatforms) = preSolution
		Debug|Any CPU = Debug|Any CPU
		Release|Any CPU = Release|Any CPU
	EndGlobalSection
	GlobalSection(ProjectConfigurationPlatforms) = postSolution
		{3BDB4AE3-32BE-4A48-936D-7947FDD8A58C}.Debug|Any CPU.ActiveCfg = Debug|Any CPU
		{3BDB4AE3-32BE-4A48-936D-7947FDD8A58C}.Debug|Any CPU.Build.0 = Debug|Any CPU
		{3BDB4AE3-32BE-4A48-936D-7947FDD8A58C}.Release|Any CPU.ActiveCfg = Release|Any CPU
		{3BDB4AE3-32BE-4A48-936D-7947FDD8A58C}.Release|Any CPU.Build.0 = Release|Any CPU
	EndGlobalSection
	GlobalSection(SolutionProperties) = preSolution
		HideSolutionNode = FALSE
	EndGlobalSection
	GlobalSection(ExtensibilityGlobals) = postSolution
		SolutionGuid = {1B7B85A0-B9F9-441B-AE09-EC4CABFE4805}
	EndGlobalSection
EndGlobal
