
Microsoft Visual Studio Solution File, Format Version 12.00
# Visual Studio Version 16
VisualStudioVersion = 16.0.29609.76
MinimumVisualStudioVersion = 10.0.40219.1
Project("{FAE04EC0-301F-11D3-BF4B-00C04F79EFBC}") = "WindowsFormsApp1", "WindowsFormsApp1\WindowsFormsApp1.csproj", "{5DB7F99E-7408-4FE7-A6F5-D46382878309}"
EndProject
Global
	GlobalSection(SolutionConfigurationPlatforms) = preSolution
		Debug|Any CPU = Debug|Any CPU
		Release|Any CPU = Release|Any CPU
	EndGlobalSection
	GlobalSection(ProjectConfigurationPlatforms) = postSolution
		{5DB7F99E-7408-4FE7-A6F5-D46382878309}.Debug|Any CPU.ActiveCfg = Debug|Any CPU
		{5DB7F99E-7408-4FE7-A6F5-D46382878309}.Debug|Any CPU.Build.0 = Debug|Any CPU
		{5DB7F99E-7408-4FE7-A6F5-D46382878309}.Release|Any CPU.ActiveCfg = Release|Any CPU
		{5DB7F99E-7408-4FE7-A6F5-D46382878309}.Release|Any CPU.Build.0 = Release|Any CPU
	EndGlobalSection
	GlobalSection(SolutionProperties) = preSolution
		HideSolutionNode = FALSE
	EndGlobalSection
	GlobalSection(ExtensibilityGlobals) = postSolution
		SolutionGuid = {17B8573D-1D3A-4DC6-9C57-89948A39CB95}
	EndGlobalSection
EndGlobal
