
Microsoft Visual Studio Solution File, Format Version 12.00
# Visual Studio Version 16
VisualStudioVersion = 16.0.29609.76
MinimumVisualStudioVersion = 10.0.40219.1
Project("{FAE04EC0-301F-11D3-BF4B-00C04F79EFBC}") = "MOVE", "MOVE\MOVE.csproj", "{AD799F8A-6418-4966-B0BA-DD2F2DD7271E}"
EndProject
Global
	GlobalSection(SolutionConfigurationPlatforms) = preSolution
		Debug|Any CPU = Debug|Any CPU
		Release|Any CPU = Release|Any CPU
	EndGlobalSection
	GlobalSection(ProjectConfigurationPlatforms) = postSolution
		{AD799F8A-6418-4966-B0BA-DD2F2DD7271E}.Debug|Any CPU.ActiveCfg = Debug|Any CPU
		{AD799F8A-6418-4966-B0BA-DD2F2DD7271E}.Debug|Any CPU.Build.0 = Debug|Any CPU
		{AD799F8A-6418-4966-B0BA-DD2F2DD7271E}.Release|Any CPU.ActiveCfg = Release|Any CPU
		{AD799F8A-6418-4966-B0BA-DD2F2DD7271E}.Release|Any CPU.Build.0 = Release|Any CPU
	EndGlobalSection
	GlobalSection(SolutionProperties) = preSolution
		HideSolutionNode = FALSE
	EndGlobalSection
	GlobalSection(ExtensibilityGlobals) = postSolution
		SolutionGuid = {B69A3999-FFF3-4D9B-88B5-E43AAD2946DA}
	EndGlobalSection
EndGlobal
